<?xml version="1.0" encoding="UTF-8" standalone="yes" ?>
<CodeBlocks_project_file>
	<FileVersion major="1" minor="6" />
	<Project>
		<Option title="compilateur" />
		<Option pch_mode="2" />
		<Option compiler="gcc" />
		<Build>
			<Target title="Debug">
				<Option output="bin/Debug/compilateur" prefix_auto="1" extension_auto="1" />
				<Option object_output="obj/Debug/" />
				<Option type="1" />
				<Option compiler="gcc" />
				<Compiler>
					<Add option="-g" />
					<Add directory="include" />
				</Compiler>
			</Target>
			<Target title="Release">
				<Option output="bin/Release/compilateur" prefix_auto="1" extension_auto="1" />
				<Option object_output="obj/Release/" />
				<Option type="1" />
				<Option compiler="gcc" />
				<Compiler>
					<Add option="-O2" />
					<Add directory="include" />
				</Compiler>
				<Linker>
					<Add option="-s" />
				</Linker>
			</Target>
		</Build>
		<Compiler>
			<Add option="-Wall" />
			<Add option="-std=c99" />
		</Compiler>
		<Unit filename="compare_arbres_xml.c">
			<Option compilerVar="CC" />
		</Unit>
		<Unit filename="compilateur.c">
			<Option compilerVar="CC" />
		</Unit>
		<Unit filename="include/analyseur_lexical.h" />
		<Unit filename="include/analyseur_syntaxique.h" />
		<Unit filename="include/analyseur_xml.h" />
		<Unit filename="include/premiers.h" />
		<Unit filename="include/suivants.h" />
		<Unit filename="include/symboles.h" />
		<Unit filename="include/util.h" />
		<Unit filename="src/analyseur_lexical.c">
			<Option compilerVar="CC" />
		</Unit>
		<Unit filename="src/analyseur_syntaxique.c">
			<Option compilerVar="CC" />
		</Unit>
		<Unit filename="src/analyseur_xml.c">
			<Option compilerVar="CC" />
		</Unit>
		<Unit filename="src/premiers.c">
			<Option compilerVar="CC" />
		</Unit>
		<Unit filename="src/suivants.c">
			<Option compilerVar="CC" />
		</Unit>
		<Unit filename="src/util.c">
			<Option compilerVar="CC" />
		</Unit>
		<Extensions>
			<code_completion />
			<envvars />
			<debugger />
			<lib_finder disable_auto="1" />
		</Extensions>
	</Project>
</CodeBlocks_project_file>
